hash: 4d680387d956709dc47646c9f623870b02bd789c54642dd1ef7bd51dfbb07ffc
updated: 2017-10-11T23:36:13.691311+08:00
imports:
- name: github.com/larspensjo/config
  version: b6db95dc6321c46dab9cd53d0c85164a27686aa6
- name: github.com/scorredoira/email
  version: ce6dfab97c7ac801aa09ab6f3275f4534f25734b
- name: github.com/VojtechVitek/go-trello
  version: 4a7db23ac973c12e59e3c781b359005995bb3838
testImports: []
